{
  "name": "express-permission-bitmask",
  "version": "0.0.5",
  "lockfileVersion": 1,
  "requires": true,
  "dependencies": {
    "@types/node": {
      "version": "10.0.2",
      "resolved": "https://registry.npmjs.org/@types/node/-/node-10.0.2.tgz",
      "integrity": "sha512-DPbG0qQ5kdvXBK0jGdv1yd8vGN7hwH8sB2Q1z1kGaxtCnXkSxYJ009VccGlcgknYoLeMTYu4TTzOditDJMdP2Q==",
      "dev": true
    },
    "generic-bitmask": {
      "version": "0.0.7",
      "resolved": "https://registry.npmjs.org/generic-bitmask/-/generic-bitmask-0.0.7.tgz",
      "integrity": "sha1-Mm2I7a1t0tmky2f4o9XnogXo2HM="
    },
    "typescript": {
      "version": "2.8.3",
      "resolved": "https://registry.npmjs.org/typescript/-/typescript-2.8.3.tgz",
      "integrity": "sha512-K7g15Bb6Ra4lKf7Iq2l/I5/En+hLIHmxWZGq3D4DIRNFxMNV6j2SHSvDOqs2tGd4UvD/fJvrwopzQXjLrT7Itw==",
      "dev": true
    }
  }
}
